
Microsoft Visual Studio Solution File, Format Version 12.00
# Visual Studio 15
VisualStudioVersion = 15.0.28307.539
MinimumVisualStudioVersion = 10.0.40219.1
Project("{FAE04EC0-301F-11D3-BF4B-00C04F79EFBC}") = "AudioPlayer", "AudioPlayer\AudioPlayer.csproj", "{2725E90D-CACB-46BD-944C-ECF9F57E4969}"
EndProject
Global
	GlobalSection(SolutionConfigurationPlatforms) = preSolution
		Debug|Any CPU = Debug|Any CPU
		Release|Any CPU = Release|Any CPU
	EndGlobalSection
	GlobalSection(ProjectConfigurationPlatforms) = postSolution
		{2725E90D-CACB-46BD-944C-ECF9F57E4969}.Debug|Any CPU.ActiveCfg = Debug|Any CPU
		{2725E90D-CACB-46BD-944C-ECF9F57E4969}.Debug|Any CPU.Build.0 = Debug|Any CPU
		{2725E90D-CACB-46BD-944C-ECF9F57E4969}.Release|Any CPU.ActiveCfg = Release|Any CPU
		{2725E90D-CACB-46BD-944C-ECF9F57E4969}.Release|Any CPU.Build.0 = Release|Any CPU
	EndGlobalSection
	GlobalSection(SolutionProperties) = preSolution
		HideSolutionNode = FALSE
	EndGlobalSection
	GlobalSection(ExtensibilityGlobals) = postSolution
		SolutionGuid = {012214F0-E1C0-41F0-8C8E-FFCB6BAEACB2}
	EndGlobalSection
EndGlobal
